// !$*UTF8*$!
{
	archiveVersion = 1;
	classes = {
	};
	objectVersion = 53;
	objects = {

/* Begin PBXBuildFile section */
		A9B03DCB26FCDA9200C27A9E /* MainTableViewController.swift in Sources */ = {isa = PBXBuildFile; fileRef = A9B03DCA26FCDA9200C27A9E /* MainTableViewController.swift */; };
		A9B03DCD26FCDAD300C27A9E /* MainTableViewCell.swift in Sources */ = {isa = PBXBuildFile; fileRef = A9B03DCC26FCDAD300C27A9E /* MainTableViewCell.swift */; };
		A9B03DCF26FCDB4300C27A9E /* DetailViewController.swift in Sources */ = {isa = PBXBuildFile; fileRef = A9B03DCE26FCDB4300C27A9E /* DetailViewController.swift */; };
		A9B03DD126FCDDC700C27A9E /* Model.swift in Sources */ = {isa = PBXBuildFile; fileRef = A9B03DD026FCDDC700C27A9E /* Model.swift */; };
		A9B03DD526FCDE2500C27A9E /* NetworkService.swift in Sources */ = {isa = PBXBuildFile; fileRef = A9B03DD426FCDE2500C27A9E /* NetworkService.swift */; };
		A9B03DD726FCDE3C00C27A9E /* NetworkFetchData.swift in Sources */ = {isa = PBXBuildFile; fileRef = A9B03DD626FCDE3C00C27A9E /* NetworkFetchData.swift */; };
		A9B03DDB26FD969F00C27A9E /* Photo@2x.png in Resources */ = {isa = PBXBuildFile; fileRef = A9B03DD926FD969F00C27A9E /* Photo@2x.png */; };
		A9B03DDC26FD969F00C27A9E /* Photo@3x.png in Resources */ = {isa = PBXBuildFile; fileRef = A9B03DDA26FD969F00C27A9E /* Photo@3x.png */; };
		A9B03DDE26FDA0E900C27A9E /* NewPostTableViewController.swift in Sources */ = {isa = PBXBuildFile; fileRef = A9B03DDD26FDA0E900C27A9E /* NewPostTableViewController.swift */; };
		A9B03DE22704BAE000C27A9E /* DataImage.swift in Sources */ = {isa = PBXBuildFile; fileRef = A9B03DE12704BAE000C27A9E /* DataImage.swift */; };
		A9B272CA26FCD18F0097850A /* AppDelegate.swift in Sources */ = {isa = PBXBuildFile; fileRef = A9B272C926FCD18F0097850A /* AppDelegate.swift */; };
		A9B272CC26FCD18F0097850A /* SceneDelegate.swift in Sources */ = {isa = PBXBuildFile; fileRef = A9B272CB26FCD18F0097850A /* SceneDelegate.swift */; };
		A9B272D126FCD18F0097850A /* Main.storyboard in Resources */ = {isa = PBXBuildFile; fileRef = A9B272CF26FCD18F0097850A /* Main.storyboard */; };
		A9B272D326FCD1910097850A /* Assets.xcassets in Resources */ = {isa = PBXBuildFile; fileRef = A9B272D226FCD1910097850A /* Assets.xcassets */; };
		A9B272D626FCD1910097850A /* LaunchScreen.storyboard in Resources */ = {isa = PBXBuildFile; fileRef = A9B272D426FCD1910097850A /* LaunchScreen.storyboard */; };
/* End PBXBuildFile section */

/* Begin PBXFileReference section */
		A9B03DCA26FCDA9200C27A9E /* MainTableViewController.swift */ = {isa = PBXFileReference; lastKnownFileType = sourcecode.swift; path = MainTableViewController.swift; sourceTree = "<group>"; };
		A9B03DCC26FCDAD300C27A9E /* MainTableViewCell.swift */ = {isa = PBXFileReference; lastKnownFileType = sourcecode.swift; path = MainTableViewCell.swift; sourceTree = "<group>"; };
		A9B03DCE26FCDB4300C27A9E /* DetailViewController.swift */ = {isa = PBXFileReference; lastKnownFileType = sourcecode.swift; path = DetailViewController.swift; sourceTree = "<group>"; };
		A9B03DD026FCDDC700C27A9E /* Model.swift */ = {isa = PBXFileReference; lastKnownFileType = sourcecode.swift; path = Model.swift; sourceTree = "<group>"; };
		A9B03DD426FCDE2500C27A9E /* NetworkService.swift */ = {isa = PBXFileReference; lastKnownFileType = sourcecode.swift; path = NetworkService.swift; sourceTree = "<group>"; };
		A9B03DD626FCDE3C00C27A9E /* NetworkFetchData.swift */ = {isa = PBXFileReference; lastKnownFileType = sourcecode.swift; path = NetworkFetchData.swift; sourceTree = "<group>"; };
		A9B03DD926FD969F00C27A9E /* Photo@2x.png */ = {isa = PBXFileReference; lastKnownFileType = image.png; path = "Photo@2x.png"; sourceTree = "<group>"; };
		A9B03DDA26FD969F00C27A9E /* Photo@3x.png */ = {isa = PBXFileReference; lastKnownFileType = image.png; path = "Photo@3x.png"; sourceTree = "<group>"; };
		A9B03DDD26FDA0E900C27A9E /* NewPostTableViewController.swift */ = {isa = PBXFileReference; lastKnownFileType = sourcecode.swift; path = NewPostTableViewController.swift; sourceTree = "<group>"; };
		A9B03DE12704BAE000C27A9E /* DataImage.swift */ = {isa = PBXFileReference; lastKnownFileType = sourcecode.swift; path = DataImage.swift; sourceTree = "<group>"; };
		A9B272C626FCD18F0097850A /* TestApp.app */ = {isa = PBXFileReference; explicitFileType = wrapper.application; includeInIndex = 0; path = TestApp.app; sourceTree = BUILT_PRODUCTS_DIR; };
		A9B272C926FCD18F0097850A /* AppDelegate.swift */ = {isa = PBXFileReference; lastKnownFileType = sourcecode.swift; path = AppDelegate.swift; sourceTree = "<group>"; };
		A9B272CB26FCD18F0097850A /* SceneDelegate.swift */ = {isa = PBXFileReference; lastKnownFileType = sourcecode.swift; path = SceneDelegate.swift; sourceTree = "<group>"; };
		A9B272D026FCD18F0097850A /* Base */ = {isa = PBXFileReference; lastKnownFileType = file.storyboard; name = Base; path = Base.lproj/Main.storyboard; sourceTree = "<group>"; };
		A9B272D226FCD1910097850A /* Assets.xcassets */ = {isa = PBXFileReference; lastKnownFileType = folder.assetcatalog; path = Assets.xcassets; sourceTree = "<group>"; };
		A9B272D526FCD1910097850A /* Base */ = {isa = PBXFileReference; lastKnownFileType = file.storyboard; name = Base; path = Base.lproj/LaunchScreen.storyboard; sourceTree = "<group>"; };
		A9B272D726FCD1910097850A /* Info.plist */ = {isa = PBXFileReference; lastKnownFileType = text.plist.xml; path = Info.plist; sourceTree = "<group>"; };
/* End PBXFileReference section */

/* Begin PBXFrameworksBuildPhase section */
		A9B272C326FCD18F0097850A /* Frameworks */ = {
			isa = PBXFrameworksBuildPhase;
			buildActionMask = 2147483647;
			files = (
			);
			runOnlyForDeploymentPostprocessing = 0;
		};
/* End PBXFrameworksBuildPhase section */

/* Begin PBXGroup section */
		A9B03DD226FCDDCD00C27A9E /* Model */ = {
			isa = PBXGroup;
			children = (
				A9B03DD026FCDDC700C27A9E /* Model.swift */,
				A9B03DE12704BAE000C27A9E /* DataImage.swift */,
			);
			path = Model;
			sourceTree = "<group>";
		};
		A9B03DD326FCDDDF00C27A9E /* Networking */ = {
			isa = PBXGroup;
			children = (
				A9B03DD426FCDE2500C27A9E /* NetworkService.swift */,
				A9B03DD626FCDE3C00C27A9E /* NetworkFetchData.swift */,
			);
			path = Networking;
			sourceTree = "<group>";
		};
		A9B03DD826FD967900C27A9E /* IMG */ = {
			isa = PBXGroup;
			children = (
				A9B03DD926FD969F00C27A9E /* Photo@2x.png */,
				A9B03DDA26FD969F00C27A9E /* Photo@3x.png */,
			);
			path = IMG;
			sourceTree = "<group>";
		};
		A9B272BD26FCD18F0097850A = {
			isa = PBXGroup;
			children = (
				A9B272C826FCD18F0097850A /* TestApp */,
				A9B272C726FCD18F0097850A /* Products */,
			);
			sourceTree = "<group>";
		};
		A9B272C726FCD18F0097850A /* Products */ = {
			isa = PBXGroup;
			children = (
				A9B272C626FCD18F0097850A /* TestApp.app */,
			);
			name = Products;
			sourceTree = "<group>";
		};
		A9B272C826FCD18F0097850A /* TestApp */ = {
			isa = PBXGroup;
			children = (
				A9B272DF26FCD1DB0097850A /* Controllers */,
				A9B03DD326FCDDDF00C27A9E /* Networking */,
				A9B03DD226FCDDCD00C27A9E /* Model */,
				A9B272DE26FCD1CF0097850A /* View */,
				A9B272DD26FCD1B30097850A /* Support Files */,
			);
			path = TestApp;
			sourceTree = "<group>";
		};
		A9B272DD26FCD1B30097850A /* Support Files */ = {
			isa = PBXGroup;
			children = (
				A9B03DD826FD967900C27A9E /* IMG */,
				A9B272C926FCD18F0097850A /* AppDelegate.swift */,
				A9B272CB26FCD18F0097850A /* SceneDelegate.swift */,
				A9B272D226FCD1910097850A /* Assets.xcassets */,
				A9B272D726FCD1910097850A /* Info.plist */,
			);
			path = "Support Files";
			sourceTree = "<group>";
		};
		A9B272DE26FCD1CF0097850A /* View */ = {
			isa = PBXGroup;
			children = (
				A9B272CF26FCD18F0097850A /* Main.storyboard */,
				A9B272D426FCD1910097850A /* LaunchScreen.storyboard */,
			);
			path = View;
			sourceTree = "<group>";
		};
		A9B272DF26FCD1DB0097850A /* Controllers */ = {
			isa = PBXGroup;
			children = (
				A9B03DCA26FCDA9200C27A9E /* MainTableViewController.swift */,
				A9B03DCC26FCDAD300C27A9E /* MainTableViewCell.swift */,
				A9B03DCE26FCDB4300C27A9E /* DetailViewController.swift */,
				A9B03DDD26FDA0E900C27A9E /* NewPostTableViewController.swift */,
			);
			path = Controllers;
			sourceTree = "<group>";
		};
/* End PBXGroup section */

/* Begin PBXNativeTarget section */
		A9B272C526FCD18F0097850A /* TestApp */ = {
			isa = PBXNativeTarget;
			buildConfigurationList = A9B272DA26FCD1910097850A /* Build configuration list for PBXNativeTarget "TestApp" */;
			buildPhases = (
				A9B272C226FCD18F0097850A /* Sources */,
				A9B272C326FCD18F0097850A /* Frameworks */,
				A9B272C426FCD18F0097850A /* Resources */,
			);
			buildRules = (
			);
			dependencies = (
			);
			name = TestApp;
			productName = TestApp;
			productReference = A9B272C626FCD18F0097850A /* TestApp.app */;
			productType = "com.apple.product-type.application";
		};
/* End PBXNativeTarget section */

/* Begin PBXProject section */
		A9B272BE26FCD18F0097850A /* Project object */ = {
			isa = PBXProject;
			attributes = {
				BuildIndependentTargetsInParallel = 1;
				LastSwiftUpdateCheck = 1300;
				LastUpgradeCheck = 1300;
				TargetAttributes = {
					A9B272C526FCD18F0097850A = {
						CreatedOnToolsVersion = 13.0;
					};
				};
			};
			buildConfigurationList = A9B272C126FCD18F0097850A /* Build configuration list for PBXProject "TestApp" */;
			compatibilityVersion = "Xcode 9.3";
			developmentRegion = en;
			hasScannedForEncodings = 0;
			knownRegions = (
				en,
				Base,
			);
			mainGroup = A9B272BD26FCD18F0097850A;
			productRefGroup = A9B272C726FCD18F0097850A /* Products */;
			projectDirPath = "";
			projectRoot = "";
			targets = (
				A9B272C526FCD18F0097850A /* TestApp */,
			);
		};
/* End PBXProject section */

/* Begin PBXResourcesBuildPhase section */
		A9B272C426FCD18F0097850A /* Resources */ = {
			isa = PBXResourcesBuildPhase;
			buildActionMask = 2147483647;
			files = (
				A9B272D626FCD1910097850A /* LaunchScreen.storyboard in Resources */,
				A9B272D326FCD1910097850A /* Assets.xcassets in Resources */,
				A9B03DDC26FD969F00C27A9E /* Photo@3x.png in Resources */,
				A9B272D126FCD18F0097850A /* Main.storyboard in Resources */,
				A9B03DDB26FD969F00C27A9E /* Photo@2x.png in Resources */,
			);
			runOnlyForDeploymentPostprocessing = 0;
		};
/* End PBXResourcesBuildPhase section */

/* Begin PBXSourcesBuildPhase section */
		A9B272C226FCD18F0097850A /* Sources */ = {
			isa = PBXSourcesBuildPhase;
			buildActionMask = 2147483647;
			files = (
				A9B272CA26FCD18F0097850A /* AppDelegate.swift in Sources */,
				A9B03DCB26FCDA9200C27A9E /* MainTableViewController.swift in Sources */,
				A9B03DCF26FCDB4300C27A9E /* DetailViewController.swift in Sources */,
				A9B03DE22704BAE000C27A9E /* DataImage.swift in Sources */,
				A9B03DD126FCDDC700C27A9E /* Model.swift in Sources */,
				A9B03DDE26FDA0E900C27A9E /* NewPostTableViewController.swift in Sources */,
				A9B03DCD26FCDAD300C27A9E /* MainTableViewCell.swift in Sources */,
				A9B272CC26FCD18F0097850A /* SceneDelegate.swift in Sources */,
				A9B03DD526FCDE2500C27A9E /* NetworkService.swift in Sources */,
				A9B03DD726FCDE3C00C27A9E /* NetworkFetchData.swift in Sources */,
			);
			runOnlyForDeploymentPostprocessing = 0;
		};
/* End PBXSourcesBuildPhase section */

/* Begin PBXVariantGroup section */
		A9B272CF26FCD18F0097850A /* Main.storyboard */ = {
			isa = PBXVariantGroup;
			children = (
				A9B272D026FCD18F0097850A /* Base */,
			);
			name = Main.storyboard;
			sourceTree = "<group>";
		};
		A9B272D426FCD1910097850A /* LaunchScreen.storyboard */ = {
			isa = PBXVariantGroup;
			children = (
				A9B272D526FCD1910097850A /* Base */,
			);
			name = LaunchScreen.storyboard;
			sourceTree = "<group>";
		};
/* End PBXVariantGroup section */

/* Begin XCBuildConfiguration section */
		A9B272D826FCD1910097850A /* Debug */ = {
			isa = XCBuildConfiguration;
			buildSettings = {
				ALWAYS_SEARCH_USER_PATHS = NO;
				CLANG_ANALYZER_NONNULL = YES;
				CLANG_ANALYZER_NUMBER_OBJECT_CONVERSION = YES_AGGRESSIVE;
				CLANG_CXX_LANGUAGE_STANDARD = "gnu++17";
				CLANG_CXX_LIBRARY = "libc++";
				CLANG_ENABLE_MODULES = YES;
				CLANG_ENABLE_OBJC_ARC = YES;
				CLANG_ENABLE_OBJC_WEAK = YES;
				CLANG_WARN_BLOCK_CAPTURE_AUTORELEASING = YES;
				CLANG_WARN_BOOL_CONVERSION = YES;
				CLANG_WARN_COMMA = YES;
				CLANG_WARN_CONSTANT_CONVERSION = YES;
				CLANG_WARN_DEPRECATED_OBJC_IMPLEMENTATIONS = YES;
				CLANG_WARN_DIRECT_OBJC_ISA_USAGE = YES_ERROR;
				CLANG_WARN_DOCUMENTATION_COMMENTS = YES;
				CLANG_WARN_EMPTY_BODY = YES;
				CLANG_WARN_ENUM_CONVERSION = YES;
				CLANG_WARN_INFINITE_RECURSION = YES;
				CLANG_WARN_INT_CONVERSION = YES;
				CLANG_WARN_NON_LITERAL_NULL_CONVERSION = YES;
				CLANG_WARN_OBJC_IMPLICIT_RETAIN_SELF = YES;
				CLANG_WARN_OBJC_LITERAL_CONVERSION = YES;
				CLANG_WARN_OBJC_ROOT_CLASS = YES_ERROR;
				CLANG_WARN_QUOTED_INCLUDE_IN_FRAMEWORK_HEADER = YES;
				CLANG_WARN_RANGE_LOOP_ANALYSIS = YES;
				CLANG_WARN_STRICT_PROTOTYPES = YES;
				CLANG_WARN_SUSPICIOUS_MOVE = YES;
				CLANG_WARN_UNGUARDED_AVAILABILITY = YES_AGGRESSIVE;
				CLANG_WARN_UNREACHABLE_CODE = YES;
				CLANG_WARN__DUPLICATE_METHOD_MATCH = YES;
				COPY_PHASE_STRIP = NO;
				DEBUG_INFORMATION_FORMAT = dwarf;
				ENABLE_STRICT_OBJC_MSGSEND = YES;
				ENABLE_TESTABILITY = YES;
				GCC_C_LANGUAGE_STANDARD = gnu11;
				GCC_DYNAMIC_NO_PIC = NO;
				GCC_NO_COMMON_BLOCKS = YES;
				GCC_OPTIMIZATION_LEVEL = 0;
				GCC_PREPROCESSOR_DEFINITIONS = (
					"DEBUG=1",
					"$(inherited)",
				);
				GCC_WARN_64_TO_32_BIT_CONVERSION = YES;
				GCC_WARN_ABOUT_RETURN_TYPE = YES_ERROR;
				GCC_WARN_UNDECLARED_SELECTOR = YES;
				GCC_WARN_UNINITIALIZED_AUTOS = YES_AGGRESSIVE;
				GCC_WARN_UNUSED_FUNCTION = YES;
				GCC_WARN_UNUSED_VARIABLE = YES;
				IPHONEOS_DEPLOYMENT_TARGET = 13.0;
				MTL_ENABLE_DEBUG_INFO = INCLUDE_SOURCE;
				MTL_FAST_MATH = YES;
				ONLY_ACTIVE_ARCH = YES;
				SDKROOT = iphoneos;
				SWIFT_ACTIVE_COMPILATION_CONDITIONS = DEBUG;
				SWIFT_OPTIMIZATION_LEVEL = "-Onone";
			};
			name = Debug;
		};
		A9B272D926FCD1910097850A /* Release */ = {
			isa = XCBuildConfiguration;
			buildSettings = {
				ALWAYS_SEARCH_USER_PATHS = NO;
				CLANG_ANALYZER_NONNULL = YES;
				CLANG_ANALYZER_NUMBER_OBJECT_CONVERSION = YES_AGGRESSIVE;
				CLANG_CXX_LANGUAGE_STANDARD = "gnu++17";
				CLANG_CXX_LIBRARY = "libc++";
				CLANG_ENABLE_MODULES = YES;
				CLANG_ENABLE_OBJC_ARC = YES;
				CLANG_ENABLE_OBJC_WEAK = YES;
				CLANG_WARN_BLOCK_CAPTURE_AUTORELEASING = YES;
				CLANG_WARN_BOOL_CONVERSION = YES;
				CLANG_WARN_COMMA = YES;
				CLANG_WARN_CONSTANT_CONVERSION = YES;
				CLANG_WARN_DEPRECATED_OBJC_IMPLEMENTATIONS = YES;
				CLANG_WARN_DIRECT_OBJC_ISA_USAGE = YES_ERROR;
				CLANG_WARN_DOCUMENTATION_COMMENTS = YES;
				CLANG_WARN_EMPTY_BODY = YES;
				CLANG_WARN_ENUM_CONVERSION = YES;
				CLANG_WARN_INFINITE_RECURSION = YES;
				CLANG_WARN_INT_CONVERSION = YES;
				CLANG_WARN_NON_LITERAL_NULL_CONVERSION = YES;
				CLANG_WARN_OBJC_IMPLICIT_RETAIN_SELF = YES;
				CLANG_WARN_OBJC_LITERAL_CONVERSION = YES;
				CLANG_WARN_OBJC_ROOT_CLASS = YES_ERROR;
				CLANG_WARN_QUOTED_INCLUDE_IN_FRAMEWORK_HEADER = YES;
				CLANG_WARN_RANGE_LOOP_ANALYSIS = YES;
				CLANG_WARN_STRICT_PROTOTYPES = YES;
				CLANG_WARN_SUSPICIOUS_MOVE = YES;
				CLANG_WARN_UNGUARDED_AVAILABILITY = YES_AGGRESSIVE;
				CLANG_WARN_UNREACHABLE_CODE = YES;
				CLANG_WARN__DUPLICATE_METHOD_MATCH = YES;
				COPY_PHASE_STRIP = NO;
				DEBUG_INFORMATION_FORMAT = "dwarf-with-dsym";
				ENABLE_NS_ASSERTIONS = NO;
				ENABLE_STRICT_OBJC_MSGSEND = YES;
				GCC_C_LANGUAGE_STANDARD = gnu11;
				GCC_NO_COMMON_BLOCKS = YES;
				GCC_WARN_64_TO_32_BIT_CONVERSION = YES;
				GCC_WARN_ABOUT_RETURN_TYPE = YES_ERROR;
				GCC_WARN_UNDECLARED_SELECTOR = YES;
				GCC_WARN_UNINITIALIZED_AUTOS = YES_AGGRESSIVE;
				GCC_WARN_UNUSED_FUNCTION = YES;
				GCC_WARN_UNUSED_VARIABLE = YES;
				IPHONEOS_DEPLOYMENT_TARGET = 13.0;
				MTL_ENABLE_DEBUG_INFO = NO;
				MTL_FAST_MATH = YES;
				SDKROOT = iphoneos;
				SWIFT_COMPILATION_MODE = wholemodule;
				SWIFT_OPTIMIZATION_LEVEL = "-O";
				VALIDATE_PRODUCT = YES;
			};
			name = Release;
		};
		A9B272DB26FCD1910097850A /* Debug */ = {
			isa = XCBuildConfiguration;
			buildSettings = {
				ASSETCATALOG_COMPILER_APPICON_NAME = AppIcon;
				ASSETCATALOG_COMPILER_GLOBAL_ACCENT_COLOR_NAME = AccentColor;
				CODE_SIGN_STYLE = Automatic;
				CURRENT_PROJECT_VERSION = 1;
				DEVELOPMENT_TEAM = TR8VMB4WD9;
				GENERATE_INFOPLIST_FILE = YES;
				INFOPLIST_FILE = "$(SRCROOT)/TestApp/Support Files/Info.plist";
				INFOPLIST_KEY_UIApplicationSupportsIndirectInputEvents = YES;
				INFOPLIST_KEY_UILaunchStoryboardName = LaunchScreen;
				INFOPLIST_KEY_UIMainStoryboardFile = Main;
				INFOPLIST_KEY_UISupportedInterfaceOrientations = "UIInterfaceOrientationPortrait UIInterfaceOrientationPortraitUpsideDown";
				INFOPLIST_KEY_UISupportedInterfaceOrientations_iPad = "UIInterfaceOrientationPortrait UIInterfaceOrientationPortraitUpsideDown UIInterfaceOrientationLandscapeLeft UIInterfaceOrientationLandscapeRight";
				INFOPLIST_KEY_UISupportedInterfaceOrientations_iPhone = "UIInterfaceOrientationPortrait UIInterfaceOrientationLandscapeLeft UIInterfaceOrientationLandscapeRight";
				IPHONEOS_DEPLOYMENT_TARGET = 13.0;
				LD_RUNPATH_SEARCH_PATHS = (
					"$(inherited)",
					"@executable_path/Frameworks",
				);
				MARKETING_VERSION = 1.0;
				PRODUCT_BUNDLE_IDENTIFIER = ArtemRopavka.TestApp;
				PRODUCT_NAME = "$(TARGET_NAME)";
				SWIFT_EMIT_LOC_STRINGS = YES;
				SWIFT_VERSION = 5.0;
				TARGETED_DEVICE_FAMILY = 1;
			};
			name = Debug;
		};
		A9B272DC26FCD1910097850A /* Release */ = {
			isa = XCBuildConfiguration;
			buildSettings = {
				ASSETCATALOG_COMPILER_APPICON_NAME = AppIcon;
				ASSETCATALOG_COMPILER_GLOBAL_ACCENT_COLOR_NAME = AccentColor;
				CODE_SIGN_STYLE = Automatic;
				CURRENT_PROJECT_VERSION = 1;
				DEVELOPMENT_TEAM = TR8VMB4WD9;
				GENERATE_INFOPLIST_FILE = YES;
				INFOPLIST_FILE = "$(SRCROOT)/TestApp/Support Files/Info.plist";
				INFOPLIST_KEY_UIApplicationSupportsIndirectInputEvents = YES;
				INFOPLIST_KEY_UILaunchStoryboardName = LaunchScreen;
				INFOPLIST_KEY_UIMainStoryboardFile = Main;
				INFOPLIST_KEY_UISupportedInterfaceOrientations = "UIInterfaceOrientationPortrait UIInterfaceOrientationPortraitUpsideDown";
				INFOPLIST_KEY_UISupportedInterfaceOrientations_iPad = "UIInterfaceOrientationPortrait UIInterfaceOrientationPortraitUpsideDown UIInterfaceOrientationLandscapeLeft UIInterfaceOrientationLandscapeRight";
				INFOPLIST_KEY_UISupportedInterfaceOrientations_iPhone = "UIInterfaceOrientationPortrait UIInterfaceOrientationLandscapeLeft UIInterfaceOrientationLandscapeRight";
				IPHONEOS_DEPLOYMENT_TARGET = 13.0;
				LD_RUNPATH_SEARCH_PATHS = (
					"$(inherited)",
					"@executable_path/Frameworks",
				);
				MARKETING_VERSION = 1.0;
				PRODUCT_BUNDLE_IDENTIFIER = ArtemRopavka.TestApp;
				PRODUCT_NAME = "$(TARGET_NAME)";
				SWIFT_EMIT_LOC_STRINGS = YES;
				SWIFT_VERSION = 5.0;
				TARGETED_DEVICE_FAMILY = 1;
			};
			name = Release;
		};
/* End XCBuildConfiguration section */

/* Begin XCConfigurationList section */
		A9B272C126FCD18F0097850A /* Build configuration list for PBXProject "TestApp" */ = {
			isa = XCConfigurationList;
			buildConfigurations = (
				A9B272D826FCD1910097850A /* Debug */,
				A9B272D926FCD1910097850A /* Release */,
			);
			defaultConfigurationIsVisible = 0;
			defaultConfigurationName = Release;
		};
		A9B272DA26FCD1910097850A /* Build configuration list for PBXNativeTarget "TestApp" */ = {
			isa = XCConfigurationList;
			buildConfigurations = (
				A9B272DB26FCD1910097850A /* Debug */,
				A9B272DC26FCD1910097850A /* Release */,
			);
			defaultConfigurationIsVisible = 0;
			defaultConfigurationName = Release;
		};
/* End XCConfigurationList section */
	};
	rootObject = A9B272BE26FCD18F0097850A /* Project object */;
}
